lockfileVersion: 5.4

specifiers:
  melonjs: ^14.3.0
  phaser: 3.60.0-beta.17
  pixi.js: ^7.0.5
  rollup-plugin-visualizer: ^5.9.0
  typescript: ^4.9.3
  vite: ^4.0.0
  vite-plugin-handlebars: ^1.6.0

devDependencies:
  melonjs: 14.3.0
  phaser: 3.60.0-beta.17
  pixi.js: 7.0.5
  rollup-plugin-visualizer: 5.9.0
  typescript: 4.9.4
  vite: 4.0.3
  vite-plugin-handlebars: 1.6.0

packages:

  /@esbuild/android-arm/0.16.12:
    resolution: {integrity: sha512-CTWgMJtpCyCltrvipZrrcjjRu+rzm6pf9V8muCsJqtKujR3kPmU4ffbckvugNNaRmhxAF1ZI3J+0FUIFLFg8KA==}
    engines: {node: '>=12'}
    cpu: [arm]
    os: [android]
    requiresBuild: true
    dev: true
    optional: true

  /@esbuild/android-arm64/0.16.12:
    resolution: {integrity: sha512-0LacmiIW+X0/LOLMZqYtZ7d4uY9fxYABAYhSSOu+OGQVBqH4N5eIYgkT7bBFnR4Nm3qo6qS3RpHKVrDASqj/uQ==}
    engines: {node: '>=12'}
    cpu: [arm64]
    os: [android]
    requiresBuild: true
    dev: true
    optional: true

  /@esbuild/android-x64/0.16.12:
    resolution: {integrity: sha512-sS5CR3XBKQXYpSGMM28VuiUnbX83Z+aWPZzClW+OB2JquKqxoiwdqucJ5qvXS8pM6Up3RtJfDnRQZkz3en2z5g==}
    engines: {node: '>=12'}
    cpu: [x64]
    os: [android]
    requiresBuild: true
    dev: true
    optional: true

  /@esbuild/darwin-arm64/0.16.12:
    resolution: {integrity: sha512-Dpe5hOAQiQRH20YkFAg+wOpcd4PEuXud+aGgKBQa/VriPJA8zuVlgCOSTwna1CgYl05lf6o5els4dtuyk1qJxQ==}
    engines: {node: '>=12'}
    cpu: [arm64]
    os: [darwin]
    requiresBuild: true
    dev: true
    optional: true

  /@esbuild/darwin-x64/0.16.12:
    resolution: {integrity: sha512-ApGRA6X5txIcxV0095X4e4KKv87HAEXfuDRcGTniDWUUN+qPia8sl/BqG/0IomytQWajnUn4C7TOwHduk/FXBQ==}
    engines: {node: '>=12'}
    cpu: [x64]
    os: [darwin]
    requiresBuild: true
    dev: true
    optional: true

  /@esbuild/freebsd-arm64/0.16.12:
    resolution: {integrity: sha512-AMdK2gA9EU83ccXCWS1B/KcWYZCj4P3vDofZZkl/F/sBv/fphi2oUqUTox/g5GMcIxk8CF1CVYTC82+iBSyiUg==}
    engines: {node: '>=12'}
    cpu: [arm64]
    os: [freebsd]
    requiresBuild: true
    dev: true
    optional: true

  /@esbuild/freebsd-x64/0.16.12:
    resolution: {integrity: sha512-KUKB9w8G/xaAbD39t6gnRBuhQ8vIYYlxGT2I+mT6UGRnCGRr1+ePFIGBQmf5V16nxylgUuuWVW1zU2ktKkf6WQ==}
    engines: {node: '>=12'}
    cpu: [x64]
    os: [freebsd]
    requiresBuild: true
    dev: true
    optional: true

  /@esbuild/linux-arm/0.16.12:
    resolution: {integrity: sha512-vhDdIv6z4eL0FJyNVfdr3C/vdd/Wc6h1683GJsFoJzfKb92dU/v88FhWdigg0i6+3TsbSDeWbsPUXb4dif2abg==}
    engines: {node: '>=12'}
    cpu: [arm]
    os: [linux]
    requiresBuild: true
    dev: true
    optional: true

  /@esbuild/linux-arm64/0.16.12:
    resolution: {integrity: sha512-29HXMLpLklDfmw7T2buGqq3HImSUaZ1ArmrPOMaNiZZQptOSZs32SQtOHEl8xWX5vfdwZqrBfNf8Te4nArVzKQ==}
    engines: {node: '>=12'}
    cpu: [arm64]
    os: [linux]
    requiresBuild: true
    dev: true
    optional: true

  /@esbuild/linux-ia32/0.16.12:
    resolution: {integrity: sha512-JFDuNDTTfgD1LJg7wHA42o2uAO/9VzHYK0leAVnCQE/FdMB599YMH73ux+nS0xGr79pv/BK+hrmdRin3iLgQjg==}
    engines: {node: '>=12'}
    cpu: [ia32]
    os: [linux]
    requiresBuild: true
    dev: true
    optional: true

  /@esbuild/linux-loong64/0.14.54:
    resolution: {integrity: sha512-bZBrLAIX1kpWelV0XemxBZllyRmM6vgFQQG2GdNb+r3Fkp0FOh1NJSvekXDs7jq70k4euu1cryLMfU+mTXlEpw==}
    engines: {node: '>=12'}
    cpu: [loong64]
    os: [linux]
    requiresBuild: true
    dev: true
    optional: true

  /@esbuild/linux-loong64/0.16.12:
    resolution: {integrity: sha512-xTGzVPqm6WKfCC0iuj1fryIWr1NWEM8DMhAIo+4rFgUtwy/lfHl+Obvus4oddzRDbBetLLmojfVZGmt/g/g+Rw==}
    engines: {node: '>=12'}
    cpu: [loong64]
    os: [linux]
    requiresBuild: true
    dev: true
    optional: true

  /@esbuild/linux-mips64el/0.16.12:
    resolution: {integrity: sha512-zI1cNgHa3Gol+vPYjIYHzKhU6qMyOQrvZ82REr5Fv7rlh5PG6SkkuCoH7IryPqR+BK2c/7oISGsvPJPGnO2bHQ==}
    engines: {node: '>=12'}
    cpu: [mips64el]
    os: [linux]
    requiresBuild: true
    dev: true
    optional: true

  /@esbuild/linux-ppc64/0.16.12:
    resolution: {integrity: sha512-/C8OFXExoMmvTDIOAM54AhtmmuDHKoedUd0Otpfw3+AuuVGemA1nQK99oN909uZbLEU6Bi+7JheFMG3xGfZluQ==}
    engines: {node: '>=12'}
    cpu: [ppc64]
    os: [linux]
    requiresBuild: true
    dev: true
    optional: true

  /@esbuild/linux-riscv64/0.16.12:
    resolution: {integrity: sha512-qeouyyc8kAGV6Ni6Isz8hUsKMr00EHgVwUKWNp1r4l88fHEoNTDB8mmestvykW6MrstoGI7g2EAsgr0nxmuGYg==}
    engines: {node: '>=12'}
    cpu: [riscv64]
    os: [linux]
    requiresBuild: true
    dev: true
    optional: true

  /@esbuild/linux-s390x/0.16.12:
    resolution: {integrity: sha512-s9AyI/5vz1U4NNqnacEGFElqwnHusWa81pskAf8JNDM2eb6b2E6PpBmT8RzeZv6/TxE6/TADn2g9bb0jOUmXwQ==}
    engines: {node: '>=12'}
    cpu: [s390x]
    os: [linux]
    requiresBuild: true
    dev: true
    optional: true

  /@esbuild/linux-x64/0.16.12:
    resolution: {integrity: sha512-e8YA7GQGLWhvakBecLptUiKxOk4E/EPtSckS1i0MGYctW8ouvNUoh7xnU15PGO2jz7BYl8q1R6g0gE5HFtzpqQ==}
    engines: {node: '>=12'}
    cpu: [x64]
    os: [linux]
    requiresBuild: true
    dev: true
    optional: true

  /@esbuild/netbsd-x64/0.16.12:
    resolution: {integrity: sha512-z2+kUxmOqBS+6SRVd57iOLIHE8oGOoEnGVAmwjm2aENSP35HPS+5cK+FL1l+rhrsJOFIPrNHqDUNechpuG96Sg==}
    engines: {node: '>=12'}
    cpu: [x64]
    os: [netbsd]
    requiresBuild: true
    dev: true
    optional: true

  /@esbuild/openbsd-x64/0.16.12:
    resolution: {integrity: sha512-PAonw4LqIybwn2/vJujhbg1N9W2W8lw9RtXIvvZoyzoA/4rA4CpiuahVbASmQohiytRsixbNoIOUSjRygKXpyA==}
    engines: {node: '>=12'}
    cpu: [x64]
    os: [openbsd]
    requiresBuild: true
    dev: true
    optional: true

  /@esbuild/sunos-x64/0.16.12:
    resolution: {integrity: sha512-+wr1tkt1RERi+Zi/iQtkzmMH4nS8+7UIRxjcyRz7lur84wCkAITT50Olq/HiT4JN2X2bjtlOV6vt7ptW5Gw60Q==}
    engines: {node: '>=12'}
    cpu: [x64]
    os: [sunos]
    requiresBuild: true
    dev: true
    optional: true

  /@esbuild/win32-arm64/0.16.12:
    resolution: {integrity: sha512-XEjeUSHmjsAOJk8+pXJu9pFY2O5KKQbHXZWQylJzQuIBeiGrpMeq9sTVrHefHxMOyxUgoKQTcaTS+VK/K5SviA==}
    engines: {node: '>=12'}
    cpu: [arm64]
    os: [win32]
    requiresBuild: true
    dev: true
    optional: true

  /@esbuild/win32-ia32/0.16.12:
    resolution: {integrity: sha512-eRKPM7e0IecUAUYr2alW7JGDejrFJXmpjt4MlfonmQ5Rz9HWpKFGCjuuIRgKO7W9C/CWVFXdJ2GjddsBXqQI4A==}
    engines: {node: '>=12'}
    cpu: [ia32]
    os: [win32]
    requiresBuild: true
    dev: true
    optional: true

  /@esbuild/win32-x64/0.16.12:
    resolution: {integrity: sha512-iPYKN78t3op2+erv2frW568j1q0RpqX6JOLZ7oPPaAV1VaF7dDstOrNw37PVOYoTWE11pV4A1XUitpdEFNIsPg==}
    engines: {node: '>=12'}
    cpu: [x64]
    os: [win32]
    requiresBuild: true
    dev: true
    optional: true

  /@pixi/accessibility/7.0.5:
    resolution: {integrity: sha512-+Wiwu7Vj19wa0CrtXlzmswtwNUGsjDCjtmI3HbKHQ3MphjHUKmgx3ga7NL1O53Mwr9XGhkHCOrZzW04fGCtXoA==}
    dev: true

  /@pixi/app/7.0.5:
    resolution: {integrity: sha512-fLOJKywqwb4l9mJOE1tgfAhGxqhwb9/UlntivyXQXI6hTYDUivpzIWrWoV+mE09yAvwaw8PR1gnhPuagjrjDuQ==}
    dev: true

  /@pixi/assets/7.0.5:
    resolution: {integrity: sha512-GGFrFIAQRzSmmC9ZALSIwaGZNi10Rt0MbuedK+oGPKtSuvQJ37bNGL4sU7PXsTulBdBMUQgbIzmq6FBPnpV9kA==}
    dependencies:
      '@types/css-font-loading-module': 0.0.7
    dev: true

  /@pixi/compressed-textures/7.0.5:
    resolution: {integrity: sha512-OWEtcaPurtpYJLLzDZHq6wDI67ajPb4xl/t+O29Q3PrFSEmZXFfw5lMsDgh9MY4d62jpZwx2dH4QEBK1qjOBvQ==}
    dev: true

  /@pixi/constants/7.0.5:
    resolution: {integrity: sha512-4u5UqLo+8uuUon2EBIjSxUo80r7eUr1gWpFAg2B9ziRJePl5Q75azYX+77uVp5cFnloYIcSuNyjtJFdQ/umDgg==}
    dev: true

  /@pixi/core/7.0.5:
    resolution: {integrity: sha512-+7SgV45t7lw7r8XhtYMv+p0ehc7UPHv9qlMem7Cb/2cZqwxa9Z7TUzQlI9ENb/OsEqURSQ0PJ5ANgEOqQiciiA==}
    dependencies:
      '@pixi/constants': 7.0.5
      '@pixi/extensions': 7.0.5
      '@pixi/math': 7.0.5
      '@pixi/runner': 7.0.5
      '@pixi/settings': 7.0.5
      '@pixi/ticker': 7.0.5
      '@pixi/utils': 7.0.5
      '@types/offscreencanvas': 2019.7.0
    dev: true

  /@pixi/display/7.0.5:
    resolution: {integrity: sha512-9sXXn7HMFJo5cb4KU3Bdzzhhler9KBuPotHG57gew1MbsMCP32+lvPzqMB1bj6OU0QLjknJxvON77j13CNBh+w==}
    dev: true

  /@pixi/events/7.0.5:
    resolution: {integrity: sha512-WKXSOvyfIl2RF5vFG3sT50gvBhH9SqiO4ymdX3GdRi2R+jB5Xo/vJBaBdZCC9sPqC5avhqj6oorQpcL3YoyJkg==}
    dev: true

  /@pixi/extensions/7.0.5:
    resolution: {integrity: sha512-zCfhMPPZC5dhH0V/GDK1rUEVAT7Ju9K5bIfbd78hbqUZeK7eq8xA8TFEtPE2rdQJesvdDx+qLDv8QhywyR3Y8Q==}
    dev: true

  /@pixi/extract/7.0.5:
    resolution: {integrity: sha512-HMWTTpl/0IGGCWckpAQnXK+kcoLth2WApL3o9l21MeESbKWwbXk4HdiSM42naY651KWGkkdfP+EjLjXmGmlw5A==}
    dev: true

  /@pixi/filter-alpha/7.0.5:
    resolution: {integrity: sha512-c2ixjkApAXts0oPI//YP3i2OboxvGekGZHhKmDPuHflI2UoRM1Uy8LXMSNe7xOkSXEa/AkC28d9JQBb+6GZ5Fg==}
    dev: true

  /@pixi/filter-blur/7.0.5:
    resolution: {integrity: sha512-YxncNFYZ/cVRmKVCn1giBiaFaBsYOW+nunx05RV4LJmX9tAxlRFPJLK8Rc1Cqnq5Rk3ZBW4PtXl2gtUIf12haA==}
    dev: true

  /@pixi/filter-color-matrix/7.0.5:
    resolution: {integrity: sha512-sQX0PSsS6o3MgU/Oxr+S9zPMBk+Dxr9H5zgUVSkVcdZh++WQ1LYCPEBwKQFaSDkQ2M8Dxl/lzJgtA5bqpk6MCw==}
    dev: true

  /@pixi/filter-displacement/7.0.5:
    resolution: {integrity: sha512-5+34agfCpk+wT+uhrp0JK8/9EW/9llGaYl5IdJ1CsqOHdIQjFbhhqmzEs7U6pYeFbHjQ0ABclMsVZ4qc/rMoRw==}
    dev: true

  /@pixi/filter-fxaa/7.0.5:
    resolution: {integrity: sha512-o84VCjAvPxGoP+4KehiVQn7v2sJGBvOX+Qxa48v+e/HdRQeuJ31At8XswW5oBAY/7tdM+fJWtNyVJTf2m6HsCQ==}
    dev: true

  /@pixi/filter-noise/7.0.5:
    resolution: {integrity: sha512-OSwd4jCihDlYCPGCv9pogVeehIYS1WbTxsFeWhMIZBc2sffEJeW3QzKKYzMO9c7sy6IljLEqZV7T3sYrmzA1WA==}
    dev: true

  /@pixi/graphics/7.0.5:
    resolution: {integrity: sha512-I5Y6IpntiEoJB0HOZ7nSw8r3ZHMyyeE8RMCc3Aud6j5B6CtBkpqCHyxOFNmDod2Ymznj/hWBhLl4ee8SJjRdWg==}
    dev: true

  /@pixi/math/7.0.5:
    resolution: {integrity: sha512-v8OCcAL8oK8pf2jtsfHJebTdQ3IA5NI/mdv+Err3F3u4hJHSkDeag9woIBZNfim5ATV/1qriv4b1TT9J+uiL3A==}
    dev: true

  /@pixi/mesh-extras/7.0.5:
    resolution: {integrity: sha512-+GW5XmavenmSPwZCJDxnXXrflshv0bQGa1gdD2s/T5RxVEP+GYBqPeW2L9fYPowr7070fzzuSVxmcU1yXpv3lw==}
    dev: true

  /@pixi/mesh/7.0.5:
    resolution: {integrity: sha512-PinHnPbxqou4G4WvwGmmwQAilGHTQd3vC6RlHIOBsxCK/9lw1cQ1Js9VAr0/3cy2Wf5or/AtKTwl0okzBf+4og==}
    dev: true

  /@pixi/mixin-cache-as-bitmap/7.0.5:
    resolution: {integrity: sha512-XlSga7zNDWEzKkOJcifAlXg+FU97pnY9RWm6Gd9zFGY9AQCKWgE++if2/wXMk57pvcTPu3E+li6D3nRYihbVfg==}
    dev: true

  /@pixi/mixin-get-child-by-name/7.0.5:
    resolution: {integrity: sha512-1uVSwlGHGubcaxbzdzWipHvz7DygHWgvxSTpQzSEs8+61EmcuwZHaDj/ceXC7Sir8iP4hp12ScWjii0grMHMfw==}
    dev: true

  /@pixi/mixin-get-global-position/7.0.5:
    resolution: {integrity: sha512-Bnq7tZiViireQeLf+8hcuGNK8DuDZTt5AiEISIptqzy0wMOwoLXeBx7+qLwP8RPvImrGhifDotHxDRNB66psDw==}
    dev: true

  /@pixi/particle-container/7.0.5:
    resolution: {integrity: sha512-1BIRunfi2kUe6fvrFWcYGlbEnqOCeK5hUza2aYyNZz/dSB8T6Zfs0SsBjIy5AfyZpyH8U6KJ4tP5qHp93xDlEw==}
    dev: true

  /@pixi/prepare/7.0.5:
    resolution: {integrity: sha512-SdBj5RgXzzJZoIHFopdf5qUbEcNuJSSOOxU0K0WEcaZJH0MPSO5jaUbSKeF/p5C1WfRl2iRc/DzSfBaFBmA9vw==}
    dev: true

  /@pixi/runner/7.0.5:
    resolution: {integrity: sha512-7Ym6FXwAv+5pM4oPCk4HNiSG7C69W69zZAuoRaz1hvFpu5fi6J4alhDBI1g3u5S+wyQb6ITuwUpNpDLduBuI5w==}
    dev: true

  /@pixi/settings/7.0.5:
    resolution: {integrity: sha512-79cP7z4v47gCKecEU24dXL83hYZoXcv7xBG+sF0RQhsRyHoU2niCXukorgsKeMn0Gq/kA+UtWdV0tSCns9xjQQ==}
    dependencies:
      '@pixi/constants': 7.0.5
      '@types/css-font-loading-module': 0.0.7
    dev: true

  /@pixi/sprite-animated/7.0.5:
    resolution: {integrity: sha512-pV+3w3PXnrhvgAAle21ZsR+6o5A9Di1A/TrnrVqCCM2442rexjhwOUr+pHiXiogq1GjJaVFh2ULPzbuM2Ja9/Q==}
    dev: true

  /@pixi/sprite-tiling/7.0.5:
    resolution: {integrity: sha512-xpZhk8X5OfX40EYdyCUnX8kmwT7OLx0qXFanN6zvEngHC7Rjgc49Avi9urdCRpmr8USARTFjyxPXtAg5AnsUmQ==}
    dev: true

  /@pixi/sprite/7.0.5:
    resolution: {integrity: sha512-cWcxz/aB76ZiasQyMa2nugHZn8PmMEk0kmYpdjLCzH+jPf1dpx7YuGuxqR73SbaNuv3sU7Z9BIGZZ7RWr4mpWQ==}
    dev: true

  /@pixi/spritesheet/7.0.5:
    resolution: {integrity: sha512-Wbvr73mKAB0X6fxPsQs3HduAtk5tTkBAvtAs5+NsSfkPLWjMU8HGpcEx/mr7rrGraw9DxGzZ4bwdeZuGjAWFyA==}
    dev: true

  /@pixi/text-bitmap/7.0.5:
    resolution: {integrity: sha512-Ee4apuf8riXQw5j97IyzElS5Vu9Dnk0TvXZQsqzZeZHbmwL5KVjrF4dnRQIL8FGFl1nrq/OpL0HWI83IxqwC6Q==}
    dev: true

  /@pixi/text/7.0.5:
    resolution: {integrity: sha512-B/yUUqUeqx/X0H3I33xalttBJ3KlkADJioDI+K3WW1D6ue6qENnWby/JKd/8ZiqRdQfyZ9jsmsldfR2OEzLIJA==}
    dev: true

  /@pixi/ticker/7.0.5:
    resolution: {integrity: sha512-a/QIvInjKTK5HngkRXjA9EYEuDKkOwEQ4bAZZYx7bjJzFseWULkNsSAdnfqjny+BOLIKhF7u2Hf4n+ef1H2xMg==}
    dependencies:
      '@pixi/extensions': 7.0.5
      '@pixi/settings': 7.0.5
    dev: true

  /@pixi/utils/7.0.5:
    resolution: {integrity: sha512-aFweyXTC2dlsyVQNQarsPQXIuuQDIPSV5WI4unU3VpQ+SaKmH3LTHm4+75JgOweGwRclUw4c/kEYf92RmQBmHg==}
    dependencies:
      '@pixi/constants': 7.0.5
      '@pixi/settings': 7.0.5
      '@types/earcut': 2.1.1
      earcut: 2.2.4
      eventemitter3: 4.0.7
      url: 0.11.0
    dev: true

  /@teppeis/multimaps/2.0.0:
    resolution: {integrity: sha512-TL1adzq1HdxUf9WYduLcQ/DNGYiz71U31QRgbnr0Ef1cPyOUOsBojxHVWpFeOSUucB6Lrs0LxFRA14ntgtkc9w==}
    engines: {node: '>=10.17'}
    dev: true

  /@types/css-font-loading-module/0.0.7:
    resolution: {integrity: sha512-nl09VhutdjINdWyXxHWN/w9zlNCfr60JUqJbd24YXUuCwgeL0TpFSdElCwb6cxfB6ybE19Gjj4g0jsgkXxKv1Q==}
    dev: true

  /@types/earcut/2.1.1:
    resolution: {integrity: sha512-w8oigUCDjElRHRRrMvn/spybSMyX8MTkKA5Dv+tS1IE/TgmNZPqUYtvYBXGY8cieSE66gm+szeK+bnbxC2xHTQ==}
    dev: true

  /@types/offscreencanvas/2019.7.0:
    resolution: {integrity: sha512-PGcyveRIpL1XIqK8eBsmRBt76eFgtzuPiSTyKHZxnGemp2yzGzWpjYKAfK3wIMiU7eH+851yEpiuP8JZerTmWg==}
    dev: true

  /ansi-regex/5.0.1:
    resolution: {integrity: sha512-quJQXlTSUGL2LH9SUXo8VwsY4soanhgo6LNSm84E1LBcE8s3O0wpdiRzyR9z/ZZJMlMWv37qOOb9pdJlMUEKFQ==}
    engines: {node: '>=8'}
    dev: true

  /ansi-styles/4.3.0:
    resolution: {integrity: sha512-zbB9rCJAT1rbjiVDb2hqKFHNYLxgtk8NURxZ3IZwD3F6NtxbXZQCnnSi1Lkx+IDohdPlFp222wVALIheZJQSEg==}
    engines: {node: '>=8'}
    dependencies:
      color-convert: 2.0.1
    dev: true

  /cliui/8.0.1:
    resolution: {integrity: sha512-BSeNnyus75C4//NQ9gQt1/csTXyo/8Sb+afLAkzAptFuMsod9HFokGNudZpi/oQV73hnVK+sR+5PVRMd+Dr7YQ==}
    engines: {node: '>=12'}
    dependencies:
      string-width: 4.2.3
      strip-ansi: 6.0.1
      wrap-ansi: 7.0.0
    dev: true

  /color-convert/2.0.1:
    resolution: {integrity: sha512-RRECPsj7iu/xb5oKYcsFHSppFNnsj/52OVTRKb4zP5onXwVF3zVmmToNcOfGC+CRDpfK/U584fMg38ZHCaElKQ==}
    engines: {node: '>=7.0.0'}
    dependencies:
      color-name: 1.1.4
    dev: true

  /color-name/1.1.4:
    resolution: {integrity: sha512-dOy+3AuW3a2wNbZHIuMZpTcgjGuLU/uBL/ubcZF9OXbDo8ff4O8yVp5Bf0efS8uEoYo5q4Fx7dY9OgQGXgAsQA==}
    dev: true

  /core-js/3.27.1:
    resolution: {integrity: sha512-GutwJLBChfGCpwwhbYoqfv03LAfmiz7e7D/BNxzeMxwQf10GRSzqiOjx7AmtEk+heiD/JWmBuyBPgFtx0Sg1ww==}
    requiresBuild: true
    dev: true

  /define-lazy-prop/2.0.0:
    resolution: {integrity: sha512-Ds09qNh8yw3khSjiJjiUInaGX9xlqZDY7JVryGxdxV7NPeuqQfplOpQ66yJFZut3jLa5zOwkXw1g9EI2uKh4Og==}
    engines: {node: '>=8'}
    dev: true

  /earcut/2.2.4:
    resolution: {integrity: sha512-/pjZsA1b4RPHbeWZQn66SWS8nZZWLQQ23oE3Eam7aroEFGEvwKAsJfZ9ytiEMycfzXWpca4FA9QIOehf7PocBQ==}
    dev: true

  /emoji-regex/8.0.0:
    resolution: {integrity: sha512-MSjYzcWNOA0ewAHpz0MxpYFvwg6yjy1NG3xteoqz644VCo/RPgnr1/GGt+ic3iJTzQ8Eu3TdM14SawnVUmGE6A==}
    dev: true

  /esbuild-android-64/0.14.54:
    resolution: {integrity: sha512-Tz2++Aqqz0rJ7kYBfz+iqyE3QMycD4vk7LBRyWaAVFgFtQ/O8EJOnVmTOiDWYZ/uYzB4kvP+bqejYdVKzE5lAQ==}
    engines: {node: '>=12'}
    cpu: [x64]
    os: [android]
    requiresBuild: true
    dev: true
    optional: true

  /esbuild-android-arm64/0.14.54:
    resolution: {integrity: sha512-F9E+/QDi9sSkLaClO8SOV6etqPd+5DgJje1F9lOWoNncDdOBL2YF59IhsWATSt0TLZbYCf3pNlTHvVV5VfHdvg==}
    engines: {node: '>=12'}
    cpu: [arm64]
    os: [android]
    requiresBuild: true
    dev: true
    optional: true

  /esbuild-darwin-64/0.14.54:
    resolution: {integrity: sha512-jtdKWV3nBviOd5v4hOpkVmpxsBy90CGzebpbO9beiqUYVMBtSc0AL9zGftFuBon7PNDcdvNCEuQqw2x0wP9yug==}
    engines: {node: '>=12'}
    cpu: [x64]
    os: [darwin]
    requiresBuild: true
    dev: true
    optional: true

  /esbuild-darwin-arm64/0.14.54:
    resolution: {integrity: sha512-OPafJHD2oUPyvJMrsCvDGkRrVCar5aVyHfWGQzY1dWnzErjrDuSETxwA2HSsyg2jORLY8yBfzc1MIpUkXlctmw==}
    engines: {node: '>=12'}
    cpu: [arm64]
    os: [darwin]
    requiresBuild: true
    dev: true
    optional: true

  /esbuild-freebsd-64/0.14.54:
    resolution: {integrity: sha512-OKwd4gmwHqOTp4mOGZKe/XUlbDJ4Q9TjX0hMPIDBUWWu/kwhBAudJdBoxnjNf9ocIB6GN6CPowYpR/hRCbSYAg==}
    engines: {node: '>=12'}
    cpu: [x64]
    os: [freebsd]
    requiresBuild: true
    dev: true
    optional: true

  /esbuild-freebsd-arm64/0.14.54:
    resolution: {integrity: sha512-sFwueGr7OvIFiQT6WeG0jRLjkjdqWWSrfbVwZp8iMP+8UHEHRBvlaxL6IuKNDwAozNUmbb8nIMXa7oAOARGs1Q==}
    engines: {node: '>=12'}
    cpu: [arm64]
    os: [freebsd]
    requiresBuild: true
    dev: true
    optional: true

  /esbuild-linux-32/0.14.54:
    resolution: {integrity: sha512-1ZuY+JDI//WmklKlBgJnglpUL1owm2OX+8E1syCD6UAxcMM/XoWd76OHSjl/0MR0LisSAXDqgjT3uJqT67O3qw==}
    engines: {node: '>=12'}
    cpu: [ia32]
    os: [linux]
    requiresBuild: true
    dev: true
    optional: true

  /esbuild-linux-64/0.14.54:
    resolution: {integrity: sha512-EgjAgH5HwTbtNsTqQOXWApBaPVdDn7XcK+/PtJwZLT1UmpLoznPd8c5CxqsH2dQK3j05YsB3L17T8vE7cp4cCg==}
    engines: {node: '>=12'}
    cpu: [x64]
    os: [linux]
    requiresBuild: true
    dev: true
    optional: true

  /esbuild-linux-arm/0.14.54:
    resolution: {integrity: sha512-qqz/SjemQhVMTnvcLGoLOdFpCYbz4v4fUo+TfsWG+1aOu70/80RV6bgNpR2JCrppV2moUQkww+6bWxXRL9YMGw==}
    engines: {node: '>=12'}
    cpu: [arm]
    os: [linux]
    requiresBuild: true
    dev: true
    optional: true

  /esbuild-linux-arm64/0.14.54:
    resolution: {integrity: sha512-WL71L+0Rwv+Gv/HTmxTEmpv0UgmxYa5ftZILVi2QmZBgX3q7+tDeOQNqGtdXSdsL8TQi1vIaVFHUPDe0O0kdig==}
    engines: {node: '>=12'}
    cpu: [arm64]
    os: [linux]
    requiresBuild: true
    dev: true
    optional: true

  /esbuild-linux-mips64le/0.14.54:
    resolution: {integrity: sha512-qTHGQB8D1etd0u1+sB6p0ikLKRVuCWhYQhAHRPkO+OF3I/iSlTKNNS0Lh2Oc0g0UFGguaFZZiPJdJey3AGpAlw==}
    engines: {node: '>=12'}
    cpu: [mips64el]
    os: [linux]
    requiresBuild: true
    dev: true
    optional: true

  /esbuild-linux-ppc64le/0.14.54:
    resolution: {integrity: sha512-j3OMlzHiqwZBDPRCDFKcx595XVfOfOnv68Ax3U4UKZ3MTYQB5Yz3X1mn5GnodEVYzhtZgxEBidLWeIs8FDSfrQ==}
    engines: {node: '>=12'}
    cpu: [ppc64]
    os: [linux]
    requiresBuild: true
    dev: true
    optional: true

  /esbuild-linux-riscv64/0.14.54:
    resolution: {integrity: sha512-y7Vt7Wl9dkOGZjxQZnDAqqn+XOqFD7IMWiewY5SPlNlzMX39ocPQlOaoxvT4FllA5viyV26/QzHtvTjVNOxHZg==}
    engines: {node: '>=12'}
    cpu: [riscv64]
    os: [linux]
    requiresBuild: true
    dev: true
    optional: true

  /esbuild-linux-s390x/0.14.54:
    resolution: {integrity: sha512-zaHpW9dziAsi7lRcyV4r8dhfG1qBidQWUXweUjnw+lliChJqQr+6XD71K41oEIC3Mx1KStovEmlzm+MkGZHnHA==}
    engines: {node: '>=12'}
    cpu: [s390x]
    os: [linux]
    requiresBuild: true
    dev: true
    optional: true

  /esbuild-netbsd-64/0.14.54:
    resolution: {integrity: sha512-PR01lmIMnfJTgeU9VJTDY9ZerDWVFIUzAtJuDHwwceppW7cQWjBBqP48NdeRtoP04/AtO9a7w3viI+PIDr6d+w==}
    engines: {node: '>=12'}
    cpu: [x64]
    os: [netbsd]
    requiresBuild: true
    dev: true
    optional: true

  /esbuild-openbsd-64/0.14.54:
    resolution: {integrity: sha512-Qyk7ikT2o7Wu76UsvvDS5q0amJvmRzDyVlL0qf5VLsLchjCa1+IAvd8kTBgUxD7VBUUVgItLkk609ZHUc1oCaw==}
    engines: {node: '>=12'}
    cpu: [x64]
    os: [openbsd]
    requiresBuild: true
    dev: true
    optional: true

  /esbuild-sunos-64/0.14.54:
    resolution: {integrity: sha512-28GZ24KmMSeKi5ueWzMcco6EBHStL3B6ubM7M51RmPwXQGLe0teBGJocmWhgwccA1GeFXqxzILIxXpHbl9Q/Kw==}
    engines: {node: '>=12'}
    cpu: [x64]
    os: [sunos]
    requiresBuild: true
    dev: true
    optional: true

  /esbuild-windows-32/0.14.54:
    resolution: {integrity: sha512-T+rdZW19ql9MjS7pixmZYVObd9G7kcaZo+sETqNH4RCkuuYSuv9AGHUVnPoP9hhuE1WM1ZimHz1CIBHBboLU7w==}
    engines: {node: '>=12'}
    cpu: [ia32]
    os: [win32]
    requiresBuild: true
    dev: true
    optional: true

  /esbuild-windows-64/0.14.54:
    resolution: {integrity: sha512-AoHTRBUuYwXtZhjXZbA1pGfTo8cJo3vZIcWGLiUcTNgHpJJMC1rVA44ZereBHMJtotyN71S8Qw0npiCIkW96cQ==}
    engines: {node: '>=12'}
    cpu: [x64]
    os: [win32]
    requiresBuild: true
    dev: true
    optional: true

  /esbuild-windows-arm64/0.14.54:
    resolution: {integrity: sha512-M0kuUvXhot1zOISQGXwWn6YtS+Y/1RT9WrVIOywZnJHo3jCDyewAc79aKNQWFCQm+xNHVTq9h8dZKvygoXQQRg==}
    engines: {node: '>=12'}
    cpu: [arm64]
    os: [win32]
    requiresBuild: true
    dev: true
    optional: true

  /esbuild/0.14.54:
    resolution: {integrity: sha512-Cy9llcy8DvET5uznocPyqL3BFRrFXSVqbgpMJ9Wz8oVjZlh/zUSNbPRbov0VX7VxN2JH1Oa0uNxZ7eLRb62pJA==}
    engines: {node: '>=12'}
    hasBin: true
    requiresBuild: true
    optionalDependencies:
      '@esbuild/linux-loong64': 0.14.54
      esbuild-android-64: 0.14.54
      esbuild-android-arm64: 0.14.54
      esbuild-darwin-64: 0.14.54
      esbuild-darwin-arm64: 0.14.54
      esbuild-freebsd-64: 0.14.54
      esbuild-freebsd-arm64: 0.14.54
      esbuild-linux-32: 0.14.54
      esbuild-linux-64: 0.14.54
      esbuild-linux-arm: 0.14.54
      esbuild-linux-arm64: 0.14.54
      esbuild-linux-mips64le: 0.14.54
      esbuild-linux-ppc64le: 0.14.54
      esbuild-linux-riscv64: 0.14.54
      esbuild-linux-s390x: 0.14.54
      esbuild-netbsd-64: 0.14.54
      esbuild-openbsd-64: 0.14.54
      esbuild-sunos-64: 0.14.54
      esbuild-windows-32: 0.14.54
      esbuild-windows-64: 0.14.54
      esbuild-windows-arm64: 0.14.54
    dev: true

  /esbuild/0.16.12:
    resolution: {integrity: sha512-eq5KcuXajf2OmivCl4e89AD3j8fbV+UTE9vczEzq5haA07U9oOTzBWlh3+6ZdjJR7Rz2QfWZ2uxZyhZxBgJ4+g==}
    engines: {node: '>=12'}
    hasBin: true
    requiresBuild: true
    optionalDependencies:
      '@esbuild/android-arm': 0.16.12
      '@esbuild/android-arm64': 0.16.12
      '@esbuild/android-x64': 0.16.12
      '@esbuild/darwin-arm64': 0.16.12
      '@esbuild/darwin-x64': 0.16.12
      '@esbuild/freebsd-arm64': 0.16.12
      '@esbuild/freebsd-x64': 0.16.12
      '@esbuild/linux-arm': 0.16.12
      '@esbuild/linux-arm64': 0.16.12
      '@esbuild/linux-ia32': 0.16.12
      '@esbuild/linux-loong64': 0.16.12
      '@esbuild/linux-mips64el': 0.16.12
      '@esbuild/linux-ppc64': 0.16.12
      '@esbuild/linux-riscv64': 0.16.12
      '@esbuild/linux-s390x': 0.16.12
      '@esbuild/linux-x64': 0.16.12
      '@esbuild/netbsd-x64': 0.16.12
      '@esbuild/openbsd-x64': 0.16.12
      '@esbuild/sunos-x64': 0.16.12
      '@esbuild/win32-arm64': 0.16.12
      '@esbuild/win32-ia32': 0.16.12
      '@esbuild/win32-x64': 0.16.12
    dev: true

  /escalade/3.1.1:
    resolution: {integrity: sha512-k0er2gUkLf8O0zKJiAhmkTnJlTvINGv7ygDNPbeIsX/TJjGJZHuh9B2UxbsaEkmlEo9MfhrSzmhIlhRlI2GXnw==}
    engines: {node: '>=6'}
    dev: true

  /eventemitter3/4.0.7:
    resolution: {integrity: sha512-8guHBZCwKnFhYdHr2ysuRWErTwhoN2X8XELRlrRwpmfeY2jjuUN4taQMsULKUVo1K4DvZl+0pgfyoysHxvmvEw==}
    dev: true

  /eventemitter3/5.0.0:
    resolution: {integrity: sha512-riuVbElZZNXLeLEoprfNYoDSwTBRR44X3mnhdI1YcnENpWTCsTTVZ2zFuqQcpoyqPQIUXdiPEU0ECAq0KQRaHg==}
    dev: true

  /fsevents/2.3.2:
    resolution: {integrity: sha512-xiqMQR4xAeHTuB9uWm+fFRcIOgKBMiOBP+eXiyT7jsgVCq1bkVygt00oASowB7EdtpOHaaPgKt812P9ab+DDKA==}
    engines: {node: ^8.16.0 || ^10.6.0 || >=11.0.0}
    os: [darwin]
    requiresBuild: true
    dev: true
    optional: true

  /function-bind/1.1.1:
    resolution: {integrity: sha512-yIovAzMX49sF8Yl58fSCWJ5svSLuaibPxXQJFLmBObTuCr0Mf1KiPopGM9NiFjiYBCbfaa2Fh6breQ6ANVTI0A==}
    dev: true

  /get-caller-file/2.0.5:
    resolution: {integrity: sha512-DyFP3BM/3YHTQOCUL/w0OZHR0lpKeGrxotcHWcqNEdnltqFwXVfhEBQ94eIo34AfQpo0rGki4cyIiftY06h2Fg==}
    engines: {node: 6.* || 8.* || >= 10.*}
    dev: true

  /handlebars/4.7.7:
    resolution: {integrity: sha512-aAcXm5OAfE/8IXkcZvCepKU3VzW1/39Fb5ZuqMtgI/hT8X2YgoMvBY5dLhq/cpOvw7Lk1nK/UF71aLG/ZnVYRA==}
    engines: {node: '>=0.4.7'}
    hasBin: true
    dependencies:
      minimist: 1.2.7
      neo-async: 2.6.2
      source-map: 0.6.1
      wordwrap: 1.0.0
    optionalDependencies:
      uglify-js: 3.17.4
    dev: true

  /has/1.0.3:
    resolution: {integrity: sha512-f2dvO0VU6Oej7RkWJGrehjbzMAjFp5/VKPp5tTpWIV4JHHZK1/BxbFRtf/siA2SWTe09caDmVtYYzWEIbBS4zw==}
    engines: {node: '>= 0.4.0'}
    dependencies:
      function-bind: 1.1.1
    dev: true

  /howler/2.2.3:
    resolution: {integrity: sha512-QM0FFkw0LRX1PR8pNzJVAY25JhIWvbKMBFM4gqk+QdV+kPXOhleWGCB6AiAF/goGjIHK2e/nIElplvjQwhr0jg==}
    dev: true

  /is-core-module/2.11.0:
    resolution: {integrity: sha512-RRjxlvLDkD1YJwDbroBHMb+cukurkDWNyHx7D3oNB5x9rb5ogcksMC5wHCadcXoo67gVr/+3GFySh3134zi6rw==}
    dependencies:
      has: 1.0.3
    dev: true

  /is-docker/2.2.1:
    resolution: {integrity: sha512-F+i2BKsFrH66iaUFc0woD8sLy8getkwTwtOBjvs56Cx4CgJDeKQeqfz8wAYiSb8JOprWhHH5p77PbmYCvvUuXQ==}
    engines: {node: '>=8'}
    hasBin: true
    dev: true

  /is-fullwidth-code-point/3.0.0:
    resolution: {integrity: sha512-zymm5+u+sCsSWyD9qNaejV3DFvhCKclKdizYaJUuHA83RLjb7nSuGnddCHGv0hk+KY7BMAlsWeK4Ueg6EV6XQg==}
    engines: {node: '>=8'}
    dev: true

  /is-wsl/2.2.0:
    resolution: {integrity: sha512-fKzAra0rGJUUBwGBgNkHZuToZcn+TtXHpeCgmkMJMMYx1sQDYaCSyjJBSCa2nH1DGm7s3n1oBnohoVTBaN7Lww==}
    engines: {node: '>=8'}
    dependencies:
      is-docker: 2.2.1
    dev: true

  /melonjs/14.3.0:
    resolution: {integrity: sha512-mENThMuP3h8pw5PfEF+i90950FhiyCmvyV3+cr80SowgpQ1JbOqasI6DULjBrkJ9P67xhG7bp9IYPfwKxpkElA==}
    engines: {node: '>= 19'}
    dependencies:
      '@teppeis/multimaps': 2.0.0
      core-js: 3.27.1
      earcut: 2.2.4
      eventemitter3: 5.0.0
      howler: 2.2.3
    dev: true

  /minimist/1.2.7:
    resolution: {integrity: sha512-bzfL1YUZsP41gmu/qjrEk0Q6i2ix/cVeAhbCbqH9u3zYutS1cLg00qhrD0M2MVdCcx4Sc0UpP2eBWo9rotpq6g==}
    dev: true

  /nanoid/3.3.4:
    resolution: {integrity: sha512-MqBkQh/OHTS2egovRtLk45wEyNXwF+cokD+1YPf9u5VfJiRdAiRwB2froX5Co9Rh20xs4siNPm8naNotSD6RBw==}
    engines: {node: ^10 || ^12 || ^13.7 || ^14 || >=15.0.1}
    hasBin: true
    dev: true

  /neo-async/2.6.2:
    resolution: {integrity: sha512-Yd3UES5mWCSqR+qNT93S3UoYUkqAZ9lLg8a7g9rimsWmYGK8cVToA4/sF3RrshdyV3sAGMXVUmpMYOw+dLpOuw==}
    dev: true

  /open/8.4.0:
    resolution: {integrity: sha512-XgFPPM+B28FtCCgSb9I+s9szOC1vZRSwgWsRUA5ylIxRTgKozqjOCrVOqGsYABPYK5qnfqClxZTFBa8PKt2v6Q==}
    engines: {node: '>=12'}
    dependencies:
      define-lazy-prop: 2.0.0
      is-docker: 2.2.1
      is-wsl: 2.2.0
    dev: true

  /path-parse/1.0.7:
    resolution: {integrity: sha512-LDJzPVEEEPR+y48z93A0Ed0yXb8pAByGWo/k5YYdYgpY2/2EsOsksJrq7lOHxryrVOn1ejG6oAp8ahvOIQD8sw==}
    dev: true

  /phaser/3.60.0-beta.17:
    resolution: {integrity: sha512-T8ofy/B4JwGwFp3zqbe8OBJzjYexPBsJq2rfspulr3pu7hl6yAmC28cChnFdWW//067ZAQHH7m8r34CbR7BHXw==}
    dependencies:
      eventemitter3: 5.0.0
    dev: true

  /picocolors/1.0.0:
    resolution: {integrity: sha512-1fygroTLlHu66zi26VoTDv8yRgm0Fccecssto+MhsZ0D/DGW2sm8E8AjW7NU5VVTRt5GxbeZ5qBuJr+HyLYkjQ==}
    dev: true

  /picomatch/2.3.1:
    resolution: {integrity: sha512-JU3teHTNjmE2VCGFzuY8EXzCDVwEqB2a8fsIvwaStHhAWJEeVd1o1QD80CU6+ZdEXXSLbSsuLwJjkCBWqRQUVA==}
    engines: {node: '>=8.6'}
    dev: true

  /pixi.js/7.0.5:
    resolution: {integrity: sha512-XCFSUojaIdDz745bvQDmyEsJ6A3eh7mCeGW+esukzLQFPnDP/NvPsJszJKhyRuoktyzJb5xsuV08Eh3Y7+VC3w==}
    dependencies:
      '@pixi/accessibility': 7.0.5
      '@pixi/app': 7.0.5
      '@pixi/assets': 7.0.5
      '@pixi/compressed-textures': 7.0.5
      '@pixi/core': 7.0.5
      '@pixi/display': 7.0.5
      '@pixi/events': 7.0.5
      '@pixi/extensions': 7.0.5
      '@pixi/extract': 7.0.5
      '@pixi/filter-alpha': 7.0.5
      '@pixi/filter-blur': 7.0.5
      '@pixi/filter-color-matrix': 7.0.5
      '@pixi/filter-displacement': 7.0.5
      '@pixi/filter-fxaa': 7.0.5
      '@pixi/filter-noise': 7.0.5
      '@pixi/graphics': 7.0.5
      '@pixi/mesh': 7.0.5
      '@pixi/mesh-extras': 7.0.5
      '@pixi/mixin-cache-as-bitmap': 7.0.5
      '@pixi/mixin-get-child-by-name': 7.0.5
      '@pixi/mixin-get-global-position': 7.0.5
      '@pixi/particle-container': 7.0.5
      '@pixi/prepare': 7.0.5
      '@pixi/sprite': 7.0.5
      '@pixi/sprite-animated': 7.0.5
      '@pixi/sprite-tiling': 7.0.5
      '@pixi/spritesheet': 7.0.5
      '@pixi/text': 7.0.5
      '@pixi/text-bitmap': 7.0.5
    dev: true

  /postcss/8.4.20:
    resolution: {integrity: sha512-6Q04AXR1212bXr5fh03u8aAwbLxAQNGQ/Q1LNa0VfOI06ZAlhPHtQvE4OIdpj4kLThXilalPnmDSOD65DcHt+g==}
    engines: {node: ^10 || ^12 || >=14}
    dependencies:
      nanoid: 3.3.4
      picocolors: 1.0.0
      source-map-js: 1.0.2
    dev: true

  /punycode/1.3.2:
    resolution: {integrity: sha512-RofWgt/7fL5wP1Y7fxE7/EmTLzQVnB0ycyibJ0OOHIlJqTNzglYFxVwETOcIoJqJmpDXJ9xImDv+Fq34F/d4Dw==}
    dev: true

  /querystring/0.2.0:
    resolution: {integrity: sha512-X/xY82scca2tau62i9mDyU9K+I+djTMUsvwf7xnUX5GLvVzgJybOJf4Y6o9Zx3oJK/LSXg5tTZBjwzqVPaPO2g==}
    engines: {node: '>=0.4.x'}
    deprecated: The querystring API is considered Legacy. new code should use the URLSearchParams API instead.
    dev: true

  /require-directory/2.1.1:
    resolution: {integrity: sha512-fGxEI7+wsG9xrvdjsrlmL22OMTTiHRwAMroiEeMgq8gzoLC/PQr7RsRDSTLUg/bZAZtF+TVIkHc6/4RIKrui+Q==}
    engines: {node: '>=0.10.0'}
    dev: true

  /resolve/1.22.1:
    resolution: {integrity: sha512-nBpuuYuY5jFsli/JIs1oldw6fOQCBioohqWZg/2hiaOybXOft4lonv85uDOKXdf8rhyK159cxU5cDcK/NKk8zw==}
    hasBin: true
    dependencies:
      is-core-module: 2.11.0
      path-parse: 1.0.7
      supports-preserve-symlinks-flag: 1.0.0
    dev: true

  /rollup-plugin-visualizer/5.9.0:
    resolution: {integrity: sha512-bbDOv47+Bw4C/cgs0czZqfm8L82xOZssk4ayZjG40y9zbXclNk7YikrZTDao6p7+HDiGxrN0b65SgZiVm9k1Cg==}
    engines: {node: '>=14'}
    hasBin: true
    peerDependencies:
      rollup: 2.x || 3.x
    peerDependenciesMeta:
      rollup:
        optional: true
    dependencies:
      open: 8.4.0
      picomatch: 2.3.1
      source-map: 0.7.4
      yargs: 17.6.2
    dev: true

  /rollup/2.77.3:
    resolution: {integrity: sha512-/qxNTG7FbmefJWoeeYJFbHehJ2HNWnjkAFRKzWN/45eNBBF/r8lo992CwcJXEzyVxs5FmfId+vTSTQDb+bxA+g==}
    engines: {node: '>=10.0.0'}
    hasBin: true
    optionalDependencies:
      fsevents: 2.3.2
    dev: true

  /rollup/3.9.1:
    resolution: {integrity: sha512-GswCYHXftN8ZKGVgQhTFUJB/NBXxrRGgO2NCy6E8s1rwEJ4Q9/VttNqcYfEvx4dTo4j58YqdC3OVztPzlKSX8w==}
    engines: {node: '>=14.18.0', npm: '>=8.0.0'}
    hasBin: true
    optionalDependencies:
      fsevents: 2.3.2
    dev: true

  /source-map-js/1.0.2:
    resolution: {integrity: sha512-R0XvVJ9WusLiqTCEiGCmICCMplcCkIwwR11mOSD9CR5u+IXYdiseeEuXCVAjS54zqwkLcPNnmU4OeJ6tUrWhDw==}
    engines: {node: '>=0.10.0'}
    dev: true

  /source-map/0.6.1:
    resolution: {integrity: sha512-UjgapumWlbMhkBgzT7Ykc5YXUT46F0iKu8SGXq0bcwP5dz/h0Plj6enJqjz1Zbq2l5WaqYnrVbwWOWMyF3F47g==}
    engines: {node: '>=0.10.0'}
    dev: true

  /source-map/0.7.4:
    resolution: {integrity: sha512-l3BikUxvPOcn5E74dZiq5BGsTb5yEwhaTSzccU6t4sDOH8NWJCstKO5QT2CvtFoK6F0saL7p9xHAqHOlCPJygA==}
    engines: {node: '>= 8'}
    dev: true

  /string-width/4.2.3:
    resolution: {integrity: sha512-wKyQRQpjJ0sIp62ErSZdGsjMJWsap5oRNihHhu6G7JVO/9jIB6UyevL+tXuOqrng8j/cxKTWyWUwvSTriiZz/g==}
    engines: {node: '>=8'}
    dependencies:
      emoji-regex: 8.0.0
      is-fullwidth-code-point: 3.0.0
      strip-ansi: 6.0.1
    dev: true

  /strip-ansi/6.0.1:
    resolution: {integrity: sha512-Y38VPSHcqkFrCpFnQ9vuSXmquuv5oXOKpGeT6aGrr3o3Gc9AlVa6JBfUSOCnbxGGZF+/0ooI7KrPuUSztUdU5A==}
    engines: {node: '>=8'}
    dependencies:
      ansi-regex: 5.0.1
    dev: true

  /supports-preserve-symlinks-flag/1.0.0:
    resolution: {integrity: sha512-ot0WnXS9fgdkgIcePe6RHNk1WA8+muPa6cSjeR3V8K27q9BB1rTE3R1p7Hv0z1ZyAc8s6Vvv8DIyWf681MAt0w==}
    engines: {node: '>= 0.4'}
    dev: true

  /typescript/4.9.4:
    resolution: {integrity: sha512-Uz+dTXYzxXXbsFpM86Wh3dKCxrQqUcVMxwU54orwlJjOpO3ao8L7j5lH+dWfTwgCwIuM9GQ2kvVotzYJMXTBZg==}
    engines: {node: '>=4.2.0'}
    hasBin: true
    dev: true

  /uglify-js/3.17.4:
    resolution: {integrity: sha512-T9q82TJI9e/C1TAxYvfb16xO120tMVFZrGA3f9/P4424DNu6ypK103y0GPFVa17yotwSyZW5iYXgjYHkGrJW/g==}
    engines: {node: '>=0.8.0'}
    hasBin: true
    requiresBuild: true
    dev: true
    optional: true

  /url/0.11.0:
    resolution: {integrity: sha512-kbailJa29QrtXnxgq+DdCEGlbTeYM2eJUxsz6vjZavrCYPMIFHMKQmSKYAIuUK2i7hgPm28a8piX5NTUtM/LKQ==}
    dependencies:
      punycode: 1.3.2
      querystring: 0.2.0
    dev: true

  /vite-plugin-handlebars/1.6.0:
    resolution: {integrity: sha512-/TZ2FadScvJW6fmQ+3m3stm6ns+tDZ3VAgzEkSQYQurAnaQ/3MJfidhmTXzD1Hu1iwgkI3lNuEqybzjjKemCTg==}
    dependencies:
      handlebars: 4.7.7
      vite: 2.9.15
    transitivePeerDependencies:
      - less
      - sass
      - stylus
    dev: true

  /vite/2.9.15:
    resolution: {integrity: sha512-fzMt2jK4vQ3yK56te3Kqpkaeq9DkcZfBbzHwYpobasvgYmP2SoAr6Aic05CsB4CzCZbsDv4sujX3pkEGhLabVQ==}
    engines: {node: '>=12.2.0'}
    hasBin: true
    peerDependencies:
      less: '*'
      sass: '*'
      stylus: '*'
    peerDependenciesMeta:
      less:
        optional: true
      sass:
        optional: true
      stylus:
        optional: true
    dependencies:
      esbuild: 0.14.54
      postcss: 8.4.20
      resolve: 1.22.1
      rollup: 2.77.3
    optionalDependencies:
      fsevents: 2.3.2
    dev: true

  /vite/4.0.3:
    resolution: {integrity: sha512-HvuNv1RdE7deIfQb8mPk51UKjqptO/4RXZ5yXSAvurd5xOckwS/gg8h9Tky3uSbnjYTgUm0hVCet1cyhKd73ZA==}
    engines: {node: ^14.18.0 || >=16.0.0}
    hasBin: true
    peerDependencies:
      '@types/node': '>= 14'
      less: '*'
      sass: '*'
      stylus: '*'
      sugarss: '*'
      terser: ^5.4.0
    peerDependenciesMeta:
      '@types/node':
        optional: true
      less:
        optional: true
      sass:
        optional: true
      stylus:
        optional: true
      sugarss:
        optional: true
      terser:
        optional: true
    dependencies:
      esbuild: 0.16.12
      postcss: 8.4.20
      resolve: 1.22.1
      rollup: 3.9.1
    optionalDependencies:
      fsevents: 2.3.2
    dev: true

  /wordwrap/1.0.0:
    resolution: {integrity: sha512-gvVzJFlPycKc5dZN4yPkP8w7Dc37BtP1yczEneOb4uq34pXZcvrtRTmWV8W+Ume+XCxKgbjM+nevkyFPMybd4Q==}
    dev: true

  /wrap-ansi/7.0.0:
    resolution: {integrity: sha512-YVGIj2kamLSTxw6NsZjoBxfSwsn0ycdesmc4p+Q21c5zPuZ1pl+NfxVdxPtdHvmNVOQ6XSYG4AUtyt/Fi7D16Q==}
    engines: {node: '>=10'}
    dependencies:
      ansi-styles: 4.3.0
      string-width: 4.2.3
      strip-ansi: 6.0.1
    dev: true

  /y18n/5.0.8:
    resolution: {integrity: sha512-0pfFzegeDWJHJIAmTLRP2DwHjdF5s7jo9tuztdQxAhINCdvS+3nGINqPd00AphqJR/0LhANUS6/+7SCb98YOfA==}
    engines: {node: '>=10'}
    dev: true

  /yargs-parser/21.1.1:
    resolution: {integrity: sha512-tVpsJW7DdjecAiFpbIB1e3qxIQsE6NoPc5/eTdrbbIC4h0LVsWhnoa3g+m2HclBIujHzsxZ4VJVA+GUuc2/LBw==}
    engines: {node: '>=12'}
    dev: true

  /yargs/17.6.2:
    resolution: {integrity: sha512-1/9UrdHjDZc0eOU0HxOHoS78C69UD3JRMvzlJ7S79S2nTaWRA/whGCTV8o9e/N/1Va9YIV7Q4sOxD8VV4pCWOw==}
    engines: {node: '>=12'}
    dependencies:
      cliui: 8.0.1
      escalade: 3.1.1
      get-caller-file: 2.0.5
      require-directory: 2.1.1
      string-width: 4.2.3
      y18n: 5.0.8
      yargs-parser: 21.1.1
    dev: true
